
Microsoft Visual Studio Solution File, Format Version 11.00
# Visual Studio 2010
Project("{8BC9CEB8-8B4A-11D0-8D11-00A0C91BC942}") = "VerifyServer", "VerifyServer.vcxproj", "{FE74FAE0-9C64-4A5C-B2B9-D551B46DC3A0}"
	ProjectSection(ProjectDependencies) = postProject
		{A954731D-6198-417F-BF13-FB89FB721080} = {A954731D-6198-417F-BF13-FB89FB721080}
		{D81E9D8F-877E-460D-BA04-D4DBEE9FA364} = {D81E9D8F-877E-460D-BA04-D4DBEE9FA364}
		{2D948CAF-9622-495C-AB44-6337A6A9D440} = {2D948CAF-9622-495C-AB44-6337A6A9D440}
		{36776BD4-ABE2-444E-A849-845B438B5A30} = {36776BD4-ABE2-444E-A849-845B438B5A30}
		{0328F3E0-EE79-480E-A049-952B235BCF05} = {0328F3E0-EE79-480E-A049-952B235BCF05}
		{52C450F0-62F9-487D-AE56-E28D5838F385} = {52C450F0-62F9-487D-AE56-E28D5838F385}
		{A62C73FE-D817-465D-BA1C-9DC3848A82C8} = {A62C73FE-D817-465D-BA1C-9DC3848A82C8}
	EndProjectSection
EndProject
Project("{8BC9CEB8-8B4A-11D0-8D11-00A0C91BC942}") = "DataBase", "..\DataBase\DataBase.vcxproj", "{A954731D-6198-417F-BF13-FB89FB721080}"
EndProject
Project("{8BC9CEB8-8B4A-11D0-8D11-00A0C91BC942}") = "IOCompletePort", "..\IOCompletePort\IOCompletePort.vcxproj", "{36776BD4-ABE2-444E-A849-845B438B5A30}"
EndProject
Project("{8BC9CEB8-8B4A-11D0-8D11-00A0C91BC942}") = "tcpserver", "..\socket\tcpserver\tcpserver.vcxproj", "{52C450F0-62F9-487D-AE56-E28D5838F385}"
EndProject
Project("{8BC9CEB8-8B4A-11D0-8D11-00A0C91BC942}") = "UdpSocket", "..\socket\UdpSocket\UdpSocket.vcxproj", "{0328F3E0-EE79-480E-A049-952B235BCF05}"
EndProject
Project("{8BC9CEB8-8B4A-11D0-8D11-00A0C91BC942}") = "common", "..\common\common.vcxproj", "{D81E9D8F-877E-460D-BA04-D4DBEE9FA364}"
EndProject
Project("{8BC9CEB8-8B4A-11D0-8D11-00A0C91BC942}") = "omnithread", "..\omnithread\omnithread.vcxproj", "{2D948CAF-9622-495C-AB44-6337A6A9D440}"
EndProject
Project("{8BC9CEB8-8B4A-11D0-8D11-00A0C91BC942}") = "WinService", "..\WinService\WinService.vcxproj", "{A62C73FE-D817-465D-BA1C-9DC3848A82C8}"
	ProjectSection(ProjectDependencies) = postProject
		{D81E9D8F-877E-460D-BA04-D4DBEE9FA364} = {D81E9D8F-877E-460D-BA04-D4DBEE9FA364}
	EndProjectSection
EndProject
Global
	GlobalSection(SolutionConfigurationPlatforms) = preSolution
		Debug|Win32 = Debug|Win32
		Release|Win32 = Release|Win32
	EndGlobalSection
	GlobalSection(ProjectConfigurationPlatforms) = postSolution
		{FE74FAE0-9C64-4A5C-B2B9-D551B46DC3A0}.Debug|Win32.ActiveCfg = Debug|Win32
		{FE74FAE0-9C64-4A5C-B2B9-D551B46DC3A0}.Debug|Win32.Build.0 = Debug|Win32
		{FE74FAE0-9C64-4A5C-B2B9-D551B46DC3A0}.Release|Win32.ActiveCfg = Release|Win32
		{FE74FAE0-9C64-4A5C-B2B9-D551B46DC3A0}.Release|Win32.Build.0 = Release|Win32
		{A954731D-6198-417F-BF13-FB89FB721080}.Debug|Win32.ActiveCfg = Debug|Win32
		{A954731D-6198-417F-BF13-FB89FB721080}.Debug|Win32.Build.0 = Debug|Win32
		{A954731D-6198-417F-BF13-FB89FB721080}.Release|Win32.ActiveCfg = Release|Win32
		{A954731D-6198-417F-BF13-FB89FB721080}.Release|Win32.Build.0 = Release|Win32
		{36776BD4-ABE2-444E-A849-845B438B5A30}.Debug|Win32.ActiveCfg = Debug|Win32
		{36776BD4-ABE2-444E-A849-845B438B5A30}.Debug|Win32.Build.0 = Debug|Win32
		{36776BD4-ABE2-444E-A849-845B438B5A30}.Release|Win32.ActiveCfg = Release|Win32
		{36776BD4-ABE2-444E-A849-845B438B5A30}.Release|Win32.Build.0 = Release|Win32
		{52C450F0-62F9-487D-AE56-E28D5838F385}.Debug|Win32.ActiveCfg = Debug|Win32
		{52C450F0-62F9-487D-AE56-E28D5838F385}.Debug|Win32.Build.0 = Debug|Win32
		{52C450F0-62F9-487D-AE56-E28D5838F385}.Release|Win32.ActiveCfg = Release|Win32
		{52C450F0-62F9-487D-AE56-E28D5838F385}.Release|Win32.Build.0 = Release|Win32
		{0328F3E0-EE79-480E-A049-952B235BCF05}.Debug|Win32.ActiveCfg = Debug|Win32
		{0328F3E0-EE79-480E-A049-952B235BCF05}.Debug|Win32.Build.0 = Debug|Win32
		{0328F3E0-EE79-480E-A049-952B235BCF05}.Release|Win32.ActiveCfg = Release|Win32
		{0328F3E0-EE79-480E-A049-952B235BCF05}.Release|Win32.Build.0 = Release|Win32
		{D81E9D8F-877E-460D-BA04-D4DBEE9FA364}.Debug|Win32.ActiveCfg = Debug|Win32
		{D81E9D8F-877E-460D-BA04-D4DBEE9FA364}.Debug|Win32.Build.0 = Debug|Win32
		{D81E9D8F-877E-460D-BA04-D4DBEE9FA364}.Release|Win32.ActiveCfg = Release|Win32
		{D81E9D8F-877E-460D-BA04-D4DBEE9FA364}.Release|Win32.Build.0 = Release|Win32
		{2D948CAF-9622-495C-AB44-6337A6A9D440}.Debug|Win32.ActiveCfg = Debug|Win32
		{2D948CAF-9622-495C-AB44-6337A6A9D440}.Debug|Win32.Build.0 = Debug|Win32
		{2D948CAF-9622-495C-AB44-6337A6A9D440}.Release|Win32.ActiveCfg = Release|Win32
		{2D948CAF-9622-495C-AB44-6337A6A9D440}.Release|Win32.Build.0 = Release|Win32
		{A62C73FE-D817-465D-BA1C-9DC3848A82C8}.Debug|Win32.ActiveCfg = Debug|Win32
		{A62C73FE-D817-465D-BA1C-9DC3848A82C8}.Debug|Win32.Build.0 = Debug|Win32
		{A62C73FE-D817-465D-BA1C-9DC3848A82C8}.Release|Win32.ActiveCfg = Release|Win32
		{A62C73FE-D817-465D-BA1C-9DC3848A82C8}.Release|Win32.Build.0 = Release|Win32
	EndGlobalSection
	GlobalSection(SolutionProperties) = preSolution
		HideSolutionNode = FALSE
	EndGlobalSection
EndGlobal
